
Microsoft Visual Studio Solution File, Format Version 12.00
# Visual Studio Version 16
VisualStudioVersion = 16.0.28803.156
MinimumVisualStudioVersion = 10.0.40219.1
Project("{FAE04EC0-301F-11D3-BF4B-00C04F79EFBC}") = "wpf_restaurante", "wpf_restaurante\wpf_restaurante.csproj", "{FBDBC3B3-9DCB-4901-BE80-F57872661C48}"
EndProject
Global
	GlobalSection(SolutionConfigurationPlatforms) = preSolution
		Debug|Any CPU = Debug|Any CPU
		Release|Any CPU = Release|Any CPU
	EndGlobalSection
	GlobalSection(ProjectConfigurationPlatforms) = postSolution
		{FBDBC3B3-9DCB-4901-BE80-F57872661C48}.Debug|Any CPU.ActiveCfg = Debug|Any CPU
		{FBDBC3B3-9DCB-4901-BE80-F57872661C48}.Debug|Any CPU.Build.0 = Debug|Any CPU
		{FBDBC3B3-9DCB-4901-BE80-F57872661C48}.Release|Any CPU.ActiveCfg = Release|Any CPU
		{FBDBC3B3-9DCB-4901-BE80-F57872661C48}.Release|Any CPU.Build.0 = Release|Any CPU
	EndGlobalSection
	GlobalSection(SolutionProperties) = preSolution
		HideSolutionNode = FALSE
	EndGlobalSection
	GlobalSection(ExtensibilityGlobals) = postSolution
		SolutionGuid = {08068BC5-FE54-4DC1-A525-F6BF9E5ED4F3}
	EndGlobalSection
EndGlobal
