
Microsoft Visual Studio Solution File, Format Version 12.00
# Visual Studio Version 16
VisualStudioVersion = 16.0.28803.156
MinimumVisualStudioVersion = 10.0.40219.1
Project("{FAE04EC0-301F-11D3-BF4B-00C04F79EFBC}") = "wf_restaurante", "wf_restaurante\wf_restaurante.csproj", "{1B097325-073A-4B3E-A950-51E558BC255A}"
EndProject
Global
	GlobalSection(SolutionConfigurationPlatforms) = preSolution
		Debug|Any CPU = Debug|Any CPU
		Release|Any CPU = Release|Any CPU
	EndGlobalSection
	GlobalSection(ProjectConfigurationPlatforms) = postSolution
		{1B097325-073A-4B3E-A950-51E558BC255A}.Debug|Any CPU.ActiveCfg = Debug|Any CPU
		{1B097325-073A-4B3E-A950-51E558BC255A}.Debug|Any CPU.Build.0 = Debug|Any CPU
		{1B097325-073A-4B3E-A950-51E558BC255A}.Release|Any CPU.ActiveCfg = Release|Any CPU
		{1B097325-073A-4B3E-A950-51E558BC255A}.Release|Any CPU.Build.0 = Release|Any CPU
	EndGlobalSection
	GlobalSection(SolutionProperties) = preSolution
		HideSolutionNode = FALSE
	EndGlobalSection
	GlobalSection(ExtensibilityGlobals) = postSolution
		SolutionGuid = {E449CCE5-B846-4939-AED6-9BD7AE9CD58A}
	EndGlobalSection
EndGlobal
